
Microsoft Visual Studio Solution File, Format Version 12.00
# Visual Studio Version 17
VisualStudioVersion = 17.6.33829.357
MinimumVisualStudioVersion = 10.0.40219.1
Project("{FAE04EC0-301F-11D3-BF4B-00C04F79EFBC}") = "TryParseExample", "TryParseExample.csproj", "{804429C4-4786-4329-A337-A44817412ED9}"
EndProject
Global
	GlobalSection(SolutionConfigurationPlatforms) = preSolution
		Debug|Any CPU = Debug|Any CPU
		Release|Any CPU = Release|Any CPU
	EndGlobalSection
	GlobalSection(ProjectConfigurationPlatforms) = postSolution
		{804429C4-4786-4329-A337-A44817412ED9}.Debug|Any CPU.ActiveCfg = Debug|Any CPU
		{804429C4-4786-4329-A337-A44817412ED9}.Debug|Any CPU.Build.0 = Debug|Any CPU
		{804429C4-4786-4329-A337-A44817412ED9}.Release|Any CPU.ActiveCfg = Release|Any CPU
		{804429C4-4786-4329-A337-A44817412ED9}.Release|Any CPU.Build.0 = Release|Any CPU
	EndGlobalSection
	GlobalSection(SolutionProperties) = preSolution
		HideSolutionNode = FALSE
	EndGlobalSection
	GlobalSection(ExtensibilityGlobals) = postSolution
		SolutionGuid = {83DF0489-A1A3-4397-B9DA-21161347E04D}
	EndGlobalSection
EndGlobal
