
Microsoft Visual Studio Solution File, Format Version 12.00
# Visual Studio Version 17
VisualStudioVersion = 17.6.33829.357
MinimumVisualStudioVersion = 10.0.40219.1
Project("{FAE04EC0-301F-11D3-BF4B-00C04F79EFBC}") = "InOutTemperature", "InOutTemperature.csproj", "{91BB0946-7DB1-4ECD-808E-3F54AFBDE05A}"
EndProject
Global
	GlobalSection(SolutionConfigurationPlatforms) = preSolution
		Debug|Any CPU = Debug|Any CPU
		Release|Any CPU = Release|Any CPU
	EndGlobalSection
	GlobalSection(ProjectConfigurationPlatforms) = postSolution
		{91BB0946-7DB1-4ECD-808E-3F54AFBDE05A}.Debug|Any CPU.ActiveCfg = Debug|Any CPU
		{91BB0946-7DB1-4ECD-808E-3F54AFBDE05A}.Debug|Any CPU.Build.0 = Debug|Any CPU
		{91BB0946-7DB1-4ECD-808E-3F54AFBDE05A}.Release|Any CPU.ActiveCfg = Release|Any CPU
		{91BB0946-7DB1-4ECD-808E-3F54AFBDE05A}.Release|Any CPU.Build.0 = Release|Any CPU
	EndGlobalSection
	GlobalSection(SolutionProperties) = preSolution
		HideSolutionNode = FALSE
	EndGlobalSection
	GlobalSection(ExtensibilityGlobals) = postSolution
		SolutionGuid = {C1DBF663-269A-4AD7-AED1-36E13277E788}
	EndGlobalSection
EndGlobal
